PODS:
  - AWSCore (2.6.23)
  - AWSS3 (2.6.23):
    - AWSCore (= 2.6.23)
  - KIF (3.7.4):
    - KIF/Core (= 3.7.4)
  - KIF/Core (3.7.4)
  - OCMock (3.4.2)

DEPENDENCIES:
  - AWSS3
  - KIF
  - OCMock

SPEC CHECKSUMS:
  AWSCore: d56f69d7312e652e51c70f3b25e1687a5c2d06ca
  AWSS3: 198942f234628f1ad1c373725d65c33ebfe87af6
  KIF: f3d01c109ee9d1cfe6b0f2bb2aa278e807e971e2
  OCMock: ebe9ee1dca7fbed0ff9193ac0b3e2d8862ea56f6

PODFILE CHECKSUM: 57ca2371ee1c30a49fea0314230844f479ef57d9

COCOAPODS: 1.4.0
