// !$*UTF8*$!
{
	archiveVersion = 1;
	classes = {
	};
	objectVersion = 46;
	objects = {

/* Begin PBXBuildFile section */
		BA9D37DE1F34C9FF0048C3D5 /* LogDetailViewController.m in Sources */ = {isa = PBXBuildFile; fileRef = BA9D37DD1F34C9FF0048C3D5 /* LogDetailViewController.m */; };
		BA9D37E11F34FADD0048C3D5 /* NSDate+SMA.m in Sources */ = {isa = PBXBuildFile; fileRef = BA9D37E01F34FADD0048C3D5 /* NSDate+SMA.m */; };
		BA9D37E31F34FFE30048C3D5 /* NSDate+SMATests.m in Sources */ = {isa = PBXBuildFile; fileRef = BA9D37E21F34FFE30048C3D5 /* NSDate+SMATests.m */; };
		BA9D37E51F389F150048C3D5 /* ViewControllerTests.m in Sources */ = {isa = PBXBuildFile; fileRef = BA9D37E41F389F150048C3D5 /* ViewControllerTests.m */; };
		BA9D37E91F38A8220048C3D5 /* SLTestCase.m in Sources */ = {isa = PBXBuildFile; fileRef = BA9D37E81F38A8220048C3D5 /* SLTestCase.m */; };
		BA9EBAC31F27D5FE002DFF44 /* Assets.xcassets in Resources */ = {isa = PBXBuildFile; fileRef = BA9EBAC21F27D5FE002DFF44 /* Assets.xcassets */; };
		BA9EBAC71F27E1FC002DFF44 /* SimpleLogger.m in Sources */ = {isa = PBXBuildFile; fileRef = BA9EBAC61F27E1FC002DFF44 /* SimpleLogger.m */; };
		BA9EBAD11F27E4D8002DFF44 /* SimpleLoggerTests.m in Sources */ = {isa = PBXBuildFile; fileRef = BA9EBAD01F27E4D8002DFF44 /* SimpleLoggerTests.m */; };
		BAE372E71F27D37A00300F7E /* main.m in Sources */ = {isa = PBXBuildFile; fileRef = BAE372E61F27D37A00300F7E /* main.m */; };
		BAE372EA1F27D37A00300F7E /* AppDelegate.m in Sources */ = {isa = PBXBuildFile; fileRef = BAE372E91F27D37A00300F7E /* AppDelegate.m */; };
		BAE372ED1F27D37A00300F7E /* ViewController.m in Sources */ = {isa = PBXBuildFile; fileRef = BAE372EC1F27D37A00300F7E /* ViewController.m */; };
		BAE372F01F27D37A00300F7E /* Main.storyboard in Resources */ = {isa = PBXBuildFile; fileRef = BAE372EE1F27D37A00300F7E /* Main.storyboard */; };
		BAE372F51F27D37A00300F7E /* LaunchScreen.storyboard in Resources */ = {isa = PBXBuildFile; fileRef = BAE372F31F27D37A00300F7E /* LaunchScreen.storyboard */; };
		C1C79C7B67F8E1AF963D4A3D /* Pods_SimpleLoggerTests.framework in Frameworks */ = {isa = PBXBuildFile; fileRef = A552223A147773A8FEE443C5 /* Pods_SimpleLoggerTests.framework */; };
		DE7E3CBA2FB3801D35A5DAAC /* Pods_SimpleLogger.framework in Frameworks */ = {isa = PBXBuildFile; fileRef = 33A7DECCEBB9C9FBBBC122EB /* Pods_SimpleLogger.framework */; };
/* End PBXBuildFile section */

/* Begin PBXContainerItemProxy section */
		BA9EBAD31F27E4D8002DFF44 /* PBXContainerItemProxy */ = {
			isa = PBXContainerItemProxy;
			containerPortal = BAE372DA1F27D37A00300F7E /* Project object */;
			proxyType = 1;
			remoteGlobalIDString = BAE372E11F27D37A00300F7E;
			remoteInfo = SimpleLogger;
		};
/* End PBXContainerItemProxy section */

/* Begin PBXFileReference section */
		24C4C3CBDC309AF0C998B846 /* Pods-SimpleLogger.release.xcconfig */ = {isa = PBXFileReference; includeInIndex = 1; lastKnownFileType = text.xcconfig; name = "Pods-SimpleLogger.release.xcconfig"; path = "Pods/Target Support Files/Pods-SimpleLogger/Pods-SimpleLogger.release.xcconfig"; sourceTree = "<group>"; };
		33A7DECCEBB9C9FBBBC122EB /* Pods_SimpleLogger.framework */ = {isa = PBXFileReference; explicitFileType = wrapper.framework; includeInIndex = 0; path = Pods_SimpleLogger.framework; sourceTree = BUILT_PRODUCTS_DIR; };
		54778A4063E1C459CC62063F /* Pods-SimpleLoggerTests.release.xcconfig */ = {isa = PBXFileReference; includeInIndex = 1; lastKnownFileType = text.xcconfig; name = "Pods-SimpleLoggerTests.release.xcconfig"; path = "Pods/Target Support Files/Pods-SimpleLoggerTests/Pods-SimpleLoggerTests.release.xcconfig"; sourceTree = "<group>"; };
		A552223A147773A8FEE443C5 /* Pods_SimpleLoggerTests.framework */ = {isa = PBXFileReference; explicitFileType = wrapper.framework; includeInIndex = 0; path = Pods_SimpleLoggerTests.framework; sourceTree = BUILT_PRODUCTS_DIR; };
		BA9D37DC1F34C9FF0048C3D5 /* LogDetailViewController.h */ = {isa = PBXFileReference; fileEncoding = 4; lastKnownFileType = sourcecode.c.h; path = LogDetailViewController.h; sourceTree = SOURCE_ROOT; };
		BA9D37DD1F34C9FF0048C3D5 /* LogDetailViewController.m */ = {isa = PBXFileReference; fileEncoding = 4; lastKnownFileType = sourcecode.c.objc; path = LogDetailViewController.m; sourceTree = SOURCE_ROOT; };
		BA9D37DF1F34FADD0048C3D5 /* NSDate+SMA.h */ = {isa = PBXFileReference; fileEncoding = 4; lastKnownFileType = sourcecode.c.h; name = "NSDate+SMA.h"; path = "../SimpleLogger/NSDate+SMA.h"; sourceTree = "<group>"; };
		BA9D37E01F34FADD0048C3D5 /* NSDate+SMA.m */ = {isa = PBXFileReference; fileEncoding = 4; lastKnownFileType = sourcecode.c.objc; name = "NSDate+SMA.m"; path = "../SimpleLogger/NSDate+SMA.m"; sourceTree = "<group>"; };
		BA9D37E21F34FFE30048C3D5 /* NSDate+SMATests.m */ = {isa = PBXFileReference; fileEncoding = 4; lastKnownFileType = sourcecode.c.objc; path = "NSDate+SMATests.m"; sourceTree = "<group>"; };
		BA9D37E41F389F150048C3D5 /* ViewControllerTests.m */ = {isa = PBXFileReference; fileEncoding = 4; lastKnownFileType = sourcecode.c.objc; path = ViewControllerTests.m; sourceTree = "<group>"; };
		BA9D37E81F38A8220048C3D5 /* SLTestCase.m */ = {isa = PBXFileReference; fileEncoding = 4; lastKnownFileType = sourcecode.c.objc; path = SLTestCase.m; sourceTree = "<group>"; };
		BA9D37EA1F38A8930048C3D5 /* SLTestCase.h */ = {isa = PBXFileReference; lastKnownFileType = sourcecode.c.h; path = SLTestCase.h; sourceTree = "<group>"; };
		BA9EBAC21F27D5FE002DFF44 /* Assets.xcassets */ = {isa = PBXFileReference; lastKnownFileType = folder.assetcatalog; path = Assets.xcassets; sourceTree = SOURCE_ROOT; };
		BA9EBAC51F27E1FC002DFF44 /* SimpleLogger.h */ = {isa = PBXFileReference; fileEncoding = 4; lastKnownFileType = sourcecode.c.h; name = SimpleLogger.h; path = ../SimpleLogger/SimpleLogger.h; sourceTree = "<group>"; };
		BA9EBAC61F27E1FC002DFF44 /* SimpleLogger.m */ = {isa = PBXFileReference; fileEncoding = 4; lastKnownFileType = sourcecode.c.objc; name = SimpleLogger.m; path = ../SimpleLogger/SimpleLogger.m; sourceTree = "<group>"; };
		BA9EBACE1F27E4D8002DFF44 /* SimpleLoggerTests.xctest */ = {isa = PBXFileReference; explicitFileType = wrapper.cfbundle; includeInIndex = 0; path = SimpleLoggerTests.xctest; sourceTree = BUILT_PRODUCTS_DIR; };
		BA9EBAD01F27E4D8002DFF44 /* SimpleLoggerTests.m */ = {isa = PBXFileReference; lastKnownFileType = sourcecode.c.objc; path = SimpleLoggerTests.m; sourceTree = "<group>"; };
		BA9EBAD21F27E4D8002DFF44 /* Info.plist */ = {isa = PBXFileReference; lastKnownFileType = text.plist.xml; path = Info.plist; sourceTree = "<group>"; };
		BA9EBADA1F27EFFF002DFF44 /* SimpleLoggerDefaults.h */ = {isa = PBXFileReference; lastKnownFileType = sourcecode.c.h; name = SimpleLoggerDefaults.h; path = ../SimpleLogger/SimpleLoggerDefaults.h; sourceTree = "<group>"; };
		BAE372E21F27D37A00300F7E /* SimpleLogger.app */ = {isa = PBXFileReference; explicitFileType = wrapper.application; includeInIndex = 0; path = SimpleLogger.app; sourceTree = BUILT_PRODUCTS_DIR; };
		BAE372E61F27D37A00300F7E /* main.m */ = {isa = PBXFileReference; lastKnownFileType = sourcecode.c.objc; path = main.m; sourceTree = SOURCE_ROOT; };
		BAE372E81F27D37A00300F7E /* AppDelegate.h */ = {isa = PBXFileReference; lastKnownFileType = sourcecode.c.h; path = AppDelegate.h; sourceTree = SOURCE_ROOT; };
		BAE372E91F27D37A00300F7E /* AppDelegate.m */ = {isa = PBXFileReference; lastKnownFileType = sourcecode.c.objc; path = AppDelegate.m; sourceTree = SOURCE_ROOT; };
		BAE372EB1F27D37A00300F7E /* ViewController.h */ = {isa = PBXFileReference; lastKnownFileType = sourcecode.c.h; path = ViewController.h; sourceTree = SOURCE_ROOT; };
		BAE372EC1F27D37A00300F7E /* ViewController.m */ = {isa = PBXFileReference; lastKnownFileType = sourcecode.c.objc; path = ViewController.m; sourceTree = SOURCE_ROOT; };
		BAE372EF1F27D37A00300F7E /* Base */ = {isa = PBXFileReference; lastKnownFileType = file.storyboard; name = Base; path = Base.lproj/Main.storyboard; sourceTree = "<group>"; };
		BAE372F41F27D37A00300F7E /* Base */ = {isa = PBXFileReference; lastKnownFileType = file.storyboard; name = Base; path = Base.lproj/LaunchScreen.storyboard; sourceTree = "<group>"; };
		BAE372F61F27D37A00300F7E /* Info.plist */ = {isa = PBXFileReference; lastKnownFileType = text.plist.xml; path = Info.plist; sourceTree = SOURCE_ROOT; };
		DA34DA1D7D67830C5C84213F /* Pods-SimpleLoggerTests.debug.xcconfig */ = {isa = PBXFileReference; includeInIndex = 1; lastKnownFileType = text.xcconfig; name = "Pods-SimpleLoggerTests.debug.xcconfig"; path = "Pods/Target Support Files/Pods-SimpleLoggerTests/Pods-SimpleLoggerTests.debug.xcconfig"; sourceTree = "<group>"; };
		F07570F939643B80FC6FD689 /* Pods-SimpleLogger.debug.xcconfig */ = {isa = PBXFileReference; includeInIndex = 1; lastKnownFileType = text.xcconfig; name = "Pods-SimpleLogger.debug.xcconfig"; path = "Pods/Target Support Files/Pods-SimpleLogger/Pods-SimpleLogger.debug.xcconfig"; sourceTree = "<group>"; };
/* End PBXFileReference section */

/* Begin PBXFrameworksBuildPhase section */
		BA9EBACB1F27E4D8002DFF44 /* Frameworks */ = {
			isa = PBXFrameworksBuildPhase;
			buildActionMask = 2147483647;
			files = (
				C1C79C7B67F8E1AF963D4A3D /* Pods_SimpleLoggerTests.framework in Frameworks */,
			);
			runOnlyForDeploymentPostprocessing = 0;
		};
		BAE372DF1F27D37A00300F7E /* Frameworks */ = {
			isa = PBXFrameworksBuildPhase;
			buildActionMask = 2147483647;
			files = (
				DE7E3CBA2FB3801D35A5DAAC /* Pods_SimpleLogger.framework in Frameworks */,
			);
			runOnlyForDeploymentPostprocessing = 0;
		};
/* End PBXFrameworksBuildPhase section */

/* Begin PBXGroup section */
		4D30061F209B3614901273B5 /* Frameworks */ = {
			isa = PBXGroup;
			children = (
				33A7DECCEBB9C9FBBBC122EB /* Pods_SimpleLogger.framework */,
				A552223A147773A8FEE443C5 /* Pods_SimpleLoggerTests.framework */,
			);
			name = Frameworks;
			sourceTree = "<group>";
		};
		A7379D355D9137C92CF47E23 /* Pods */ = {
			isa = PBXGroup;
			children = (
				F07570F939643B80FC6FD689 /* Pods-SimpleLogger.debug.xcconfig */,
				24C4C3CBDC309AF0C998B846 /* Pods-SimpleLogger.release.xcconfig */,
				DA34DA1D7D67830C5C84213F /* Pods-SimpleLoggerTests.debug.xcconfig */,
				54778A4063E1C459CC62063F /* Pods-SimpleLoggerTests.release.xcconfig */,
			);
			name = Pods;
			sourceTree = "<group>";
		};
		BA9EBAC41F27E1DE002DFF44 /* SimpleLogger */ = {
			isa = PBXGroup;
			children = (
				BA9EBAC51F27E1FC002DFF44 /* SimpleLogger.h */,
				BA9EBAC61F27E1FC002DFF44 /* SimpleLogger.m */,
				BA9D37DF1F34FADD0048C3D5 /* NSDate+SMA.h */,
				BA9D37E01F34FADD0048C3D5 /* NSDate+SMA.m */,
				BA9EBADA1F27EFFF002DFF44 /* SimpleLoggerDefaults.h */,
			);
			name = SimpleLogger;
			sourceTree = "<group>";
		};
		BA9EBACF1F27E4D8002DFF44 /* SimpleLoggerTests */ = {
			isa = PBXGroup;
			children = (
				BA9EBAD21F27E4D8002DFF44 /* Info.plist */,
				BA9D37EA1F38A8930048C3D5 /* SLTestCase.h */,
				BA9D37E81F38A8220048C3D5 /* SLTestCase.m */,
				BA9EBAD01F27E4D8002DFF44 /* SimpleLoggerTests.m */,
				BA9D37E21F34FFE30048C3D5 /* NSDate+SMATests.m */,
				BA9D37E41F389F150048C3D5 /* ViewControllerTests.m */,
			);
			path = SimpleLoggerTests;
			sourceTree = "<group>";
		};
		BAE372D91F27D37A00300F7E = {
			isa = PBXGroup;
			children = (
				BA9EBAC41F27E1DE002DFF44 /* SimpleLogger */,
				BAE372E41F27D37A00300F7E /* SimpleLoggerExample */,
				BA9EBACF1F27E4D8002DFF44 /* SimpleLoggerTests */,
				BAE372E31F27D37A00300F7E /* Products */,
				A7379D355D9137C92CF47E23 /* Pods */,
				4D30061F209B3614901273B5 /* Frameworks */,
			);
			sourceTree = "<group>";
		};
		BAE372E31F27D37A00300F7E /* Products */ = {
			isa = PBXGroup;
			children = (
				BAE372E21F27D37A00300F7E /* SimpleLogger.app */,
				BA9EBACE1F27E4D8002DFF44 /* SimpleLoggerTests.xctest */,
			);
			name = Products;
			sourceTree = "<group>";
		};
		BAE372E41F27D37A00300F7E /* SimpleLoggerExample */ = {
			isa = PBXGroup;
			children = (
				BAE372E81F27D37A00300F7E /* AppDelegate.h */,
				BAE372E91F27D37A00300F7E /* AppDelegate.m */,
				BAE372EB1F27D37A00300F7E /* ViewController.h */,
				BAE372EC1F27D37A00300F7E /* ViewController.m */,
				BA9D37DC1F34C9FF0048C3D5 /* LogDetailViewController.h */,
				BA9D37DD1F34C9FF0048C3D5 /* LogDetailViewController.m */,
				BAE372EE1F27D37A00300F7E /* Main.storyboard */,
				BAE372F31F27D37A00300F7E /* LaunchScreen.storyboard */,
				BA9EBAC21F27D5FE002DFF44 /* Assets.xcassets */,
				BAE372F61F27D37A00300F7E /* Info.plist */,
				BAE372E51F27D37A00300F7E /* Supporting Files */,
			);
			name = SimpleLoggerExample;
			sourceTree = "<group>";
		};
		BAE372E51F27D37A00300F7E /* Supporting Files */ = {
			isa = PBXGroup;
			children = (
				BAE372E61F27D37A00300F7E /* main.m */,
			);
			name = "Supporting Files";
			sourceTree = "<group>";
		};
/* End PBXGroup section */

/* Begin PBXNativeTarget section */
		BA9EBACD1F27E4D8002DFF44 /* SimpleLoggerTests */ = {
			isa = PBXNativeTarget;
			buildConfigurationList = BA9EBAD51F27E4D8002DFF44 /* Build configuration list for PBXNativeTarget "SimpleLoggerTests" */;
			buildPhases = (
				D7710EBF6E51879B108BE1B8 /* [CP] Check Pods Manifest.lock */,
				BA9EBACA1F27E4D8002DFF44 /* Sources */,
				BA9EBACB1F27E4D8002DFF44 /* Frameworks */,
				BA9EBACC1F27E4D8002DFF44 /* Resources */,
				2344FBEBEEA3D904F2709BD2 /* [CP] Embed Pods Frameworks */,
			);
			buildRules = (
			);
			dependencies = (
				BA9EBAD41F27E4D8002DFF44 /* PBXTargetDependency */,
			);
			name = SimpleLoggerTests;
			productName = SimpleLoggerTests;
			productReference = BA9EBACE1F27E4D8002DFF44 /* SimpleLoggerTests.xctest */;
			productType = "com.apple.product-type.bundle.unit-test";
		};
		BAE372E11F27D37A00300F7E /* SimpleLogger */ = {
			isa = PBXNativeTarget;
			buildConfigurationList = BAE373041F27D37A00300F7E /* Build configuration list for PBXNativeTarget "SimpleLogger" */;
			buildPhases = (
				07A5625E21FF40ADF4339D7E /* [CP] Check Pods Manifest.lock */,
				BAE372DE1F27D37A00300F7E /* Sources */,
				BAE372DF1F27D37A00300F7E /* Frameworks */,
				BAE372E01F27D37A00300F7E /* Resources */,
				D631A20DCFF31B925CCBF5C5 /* [CP] Embed Pods Frameworks */,
			);
			buildRules = (
			);
			dependencies = (
			);
			name = SimpleLogger;
			productName = SimpleLogger;
			productReference = BAE372E21F27D37A00300F7E /* SimpleLogger.app */;
			productType = "com.apple.product-type.application";
		};
/* End PBXNativeTarget section */

/* Begin PBXProject section */
		BAE372DA1F27D37A00300F7E /* Project object */ = {
			isa = PBXProject;
			attributes = {
				LastUpgradeCheck = 1030;
				ORGANIZATIONNAME = "Simply Made Apps Inc.";
				TargetAttributes = {
					BA9EBACD1F27E4D8002DFF44 = {
						CreatedOnToolsVersion = 8.3.3;
						DevelopmentTeam = R536BS52FG;
						ProvisioningStyle = Automatic;
						TestTargetID = BAE372E11F27D37A00300F7E;
					};
					BAE372E11F27D37A00300F7E = {
						CreatedOnToolsVersion = 8.3.3;
						DevelopmentTeam = R536BS52FG;
						ProvisioningStyle = Automatic;
					};
				};
			};
			buildConfigurationList = BAE372DD1F27D37A00300F7E /* Build configuration list for PBXProject "SimpleLogger" */;
			compatibilityVersion = "Xcode 3.2";
			developmentRegion = en;
			hasScannedForEncodings = 0;
			knownRegions = (
				en,
				Base,
			);
			mainGroup = BAE372D91F27D37A00300F7E;
			productRefGroup = BAE372E31F27D37A00300F7E /* Products */;
			projectDirPath = "";
			projectRoot = "";
			targets = (
				BAE372E11F27D37A00300F7E /* SimpleLogger */,
				BA9EBACD1F27E4D8002DFF44 /* SimpleLoggerTests */,
			);
		};
/* End PBXProject section */

/* Begin PBXResourcesBuildPhase section */
		BA9EBACC1F27E4D8002DFF44 /* Resources */ = {
			isa = PBXResourcesBuildPhase;
			buildActionMask = 2147483647;
			files = (
			);
			runOnlyForDeploymentPostprocessing = 0;
		};
		BAE372E01F27D37A00300F7E /* Resources */ = {
			isa = PBXResourcesBuildPhase;
			buildActionMask = 2147483647;
			files = (
				BAE372F51F27D37A00300F7E /* LaunchScreen.storyboard in Resources */,
				BA9EBAC31F27D5FE002DFF44 /* Assets.xcassets in Resources */,
				BAE372F01F27D37A00300F7E /* Main.storyboard in Resources */,
			);
			runOnlyForDeploymentPostprocessing = 0;
		};
/* End PBXResourcesBuildPhase section */

/* Begin PBXShellScriptBuildPhase section */
		07A5625E21FF40ADF4339D7E /* [CP] Check Pods Manifest.lock */ = {
			isa = PBXShellScriptBuildPhase;
			buildActionMask = 2147483647;
			files = (
			);
			inputPaths = (
				"${PODS_PODFILE_DIR_PATH}/Podfile.lock",
				"${PODS_ROOT}/Manifest.lock",
			);
			name = "[CP] Check Pods Manifest.lock";
			outputPaths = (
				"$(DERIVED_FILE_DIR)/Pods-SimpleLogger-checkManifestLockResult.txt",
			);
			runOnlyForDeploymentPostprocessing = 0;
			shellPath = /bin/sh;
			shellScript = "diff \"${PODS_PODFILE_DIR_PATH}/Podfile.lock\" \"${PODS_ROOT}/Manifest.lock\" > /dev/null\nif [ $? != 0 ] ; then\n    # print error to STDERR\n    echo \"error: The sandbox is not in sync with the Podfile.lock. Run 'pod install' or update your CocoaPods installation.\" >&2\n    exit 1\nfi\n# This output is used by Xcode 'outputs' to avoid re-running this script phase.\necho \"SUCCESS\" > \"${SCRIPT_OUTPUT_FILE_0}\"\n";
			showEnvVarsInLog = 0;
		};
		2344FBEBEEA3D904F2709BD2 /* [CP] Embed Pods Frameworks */ = {
			isa = PBXShellScriptBuildPhase;
			buildActionMask = 2147483647;
			files = (
			);
			inputPaths = (
				"${PODS_ROOT}/Target Support Files/Pods-SimpleLoggerTests/Pods-SimpleLoggerTests-frameworks.sh",
				"${BUILT_PRODUCTS_DIR}/AWSCore/AWSCore.framework",
				"${BUILT_PRODUCTS_DIR}/AWSS3/AWSS3.framework",
				"${BUILT_PRODUCTS_DIR}/KIF/KIF.framework",
				"${BUILT_PRODUCTS_DIR}/OCMock/OCMock.framework",
			);
			name = "[CP] Embed Pods Frameworks";
			outputPaths = (
				"${TARGET_BUILD_DIR}/${FRAMEWORKS_FOLDER_PATH}/AWSCore.framework",
				"${TARGET_BUILD_DIR}/${FRAMEWORKS_FOLDER_PATH}/AWSS3.framework",
				"${TARGET_BUILD_DIR}/${FRAMEWORKS_FOLDER_PATH}/KIF.framework",
				"${TARGET_BUILD_DIR}/${FRAMEWORKS_FOLDER_PATH}/OCMock.framework",
			);
			runOnlyForDeploymentPostprocessing = 0;
			shellPath = /bin/sh;
			shellScript = "\"${PODS_ROOT}/Target Support Files/Pods-SimpleLoggerTests/Pods-SimpleLoggerTests-frameworks.sh\"\n";
			showEnvVarsInLog = 0;
		};
		D631A20DCFF31B925CCBF5C5 /* [CP] Embed Pods Frameworks */ = {
			isa = PBXShellScriptBuildPhase;
			buildActionMask = 2147483647;
			files = (
			);
			inputPaths = (
				"${PODS_ROOT}/Target Support Files/Pods-SimpleLogger/Pods-SimpleLogger-frameworks.sh",
				"${BUILT_PRODUCTS_DIR}/AWSCore/AWSCore.framework",
				"${BUILT_PRODUCTS_DIR}/AWSS3/AWSS3.framework",
			);
			name = "[CP] Embed Pods Frameworks";
			outputPaths = (
				"${TARGET_BUILD_DIR}/${FRAMEWORKS_FOLDER_PATH}/AWSCore.framework",
				"${TARGET_BUILD_DIR}/${FRAMEWORKS_FOLDER_PATH}/AWSS3.framework",
			);
			runOnlyForDeploymentPostprocessing = 0;
			shellPath = /bin/sh;
			shellScript = "\"${PODS_ROOT}/Target Support Files/Pods-SimpleLogger/Pods-SimpleLogger-frameworks.sh\"\n";
			showEnvVarsInLog = 0;
		};
		D7710EBF6E51879B108BE1B8 /* [CP] Check Pods Manifest.lock */ = {
			isa = PBXShellScriptBuildPhase;
			buildActionMask = 2147483647;
			files = (
			);
			inputPaths = (
				"${PODS_PODFILE_DIR_PATH}/Podfile.lock",
				"${PODS_ROOT}/Manifest.lock",
			);
			name = "[CP] Check Pods Manifest.lock";
			outputPaths = (
				"$(DERIVED_FILE_DIR)/Pods-SimpleLoggerTests-checkManifestLockResult.txt",
			);
			runOnlyForDeploymentPostprocessing = 0;
			shellPath = /bin/sh;
			shellScript = "diff \"${PODS_PODFILE_DIR_PATH}/Podfile.lock\" \"${PODS_ROOT}/Manifest.lock\" > /dev/null\nif [ $? != 0 ] ; then\n    # print error to STDERR\n    echo \"error: The sandbox is not in sync with the Podfile.lock. Run 'pod install' or update your CocoaPods installation.\" >&2\n    exit 1\nfi\n# This output is used by Xcode 'outputs' to avoid re-running this script phase.\necho \"SUCCESS\" > \"${SCRIPT_OUTPUT_FILE_0}\"\n";
			showEnvVarsInLog = 0;
		};
/* End PBXShellScriptBuildPhase section */

/* Begin PBXSourcesBuildPhase section */
		BA9EBACA1F27E4D8002DFF44 /* Sources */ = {
			isa = PBXSourcesBuildPhase;
			buildActionMask = 2147483647;
			files = (
				BA9D37E51F389F150048C3D5 /* ViewControllerTests.m in Sources */,
				BA9D37E31F34FFE30048C3D5 /* NSDate+SMATests.m in Sources */,
				BA9D37E91F38A8220048C3D5 /* SLTestCase.m in Sources */,
				BA9EBAD11F27E4D8002DFF44 /* SimpleLoggerTests.m in Sources */,
			);
			runOnlyForDeploymentPostprocessing = 0;
		};
		BAE372DE1F27D37A00300F7E /* Sources */ = {
			isa = PBXSourcesBuildPhase;
			buildActionMask = 2147483647;
			files = (
				BAE372ED1F27D37A00300F7E /* ViewController.m in Sources */,
				BAE372EA1F27D37A00300F7E /* AppDelegate.m in Sources */,
				BAE372E71F27D37A00300F7E /* main.m in Sources */,
				BA9D37DE1F34C9FF0048C3D5 /* LogDetailViewController.m in Sources */,
				BA9D37E11F34FADD0048C3D5 /* NSDate+SMA.m in Sources */,
				BA9EBAC71F27E1FC002DFF44 /* SimpleLogger.m in Sources */,
			);
			runOnlyForDeploymentPostprocessing = 0;
		};
/* End PBXSourcesBuildPhase section */

/* Begin PBXTargetDependency section */
		BA9EBAD41F27E4D8002DFF44 /* PBXTargetDependency */ = {
			isa = PBXTargetDependency;
			target = BAE372E11F27D37A00300F7E /* SimpleLogger */;
			targetProxy = BA9EBAD31F27E4D8002DFF44 /* PBXContainerItemProxy */;
		};
/* End PBXTargetDependency section */

/* Begin PBXVariantGroup section */
		BAE372EE1F27D37A00300F7E /* Main.storyboard */ = {
			isa = PBXVariantGroup;
			children = (
				BAE372EF1F27D37A00300F7E /* Base */,
			);
			name = Main.storyboard;
			sourceTree = SOURCE_ROOT;
		};
		BAE372F31F27D37A00300F7E /* LaunchScreen.storyboard */ = {
			isa = PBXVariantGroup;
			children = (
				BAE372F41F27D37A00300F7E /* Base */,
			);
			name = LaunchScreen.storyboard;
			sourceTree = SOURCE_ROOT;
		};
/* End PBXVariantGroup section */

/* Begin XCBuildConfiguration section */
		BA9EBAD61F27E4D8002DFF44 /* Debug */ = {
			isa = XCBuildConfiguration;
			baseConfigurationReference = DA34DA1D7D67830C5C84213F /* Pods-SimpleLoggerTests.debug.xcconfig */;
			buildSettings = {
				BUNDLE_LOADER = "$(TEST_HOST)";
				CLANG_WARN_STRICT_PROTOTYPES = NO;
				DEVELOPMENT_TEAM = R536BS52FG;
				GCC_WARN_ALLOW_INCOMPLETE_PROTOCOL = YES;
				INFOPLIST_FILE = SimpleLoggerTests/Info.plist;
				LD_RUNPATH_SEARCH_PATHS = "$(inherited) @executable_path/Frameworks @loader_path/Frameworks";
				PRODUCT_BUNDLE_IDENTIFIER = com.simplymadeapps.ios.SimpleLoggerTests;
				PRODUCT_NAME = "$(TARGET_NAME)";
				TEST_HOST = "$(BUILT_PRODUCTS_DIR)/SimpleLogger.app/SimpleLogger";
			};
			name = Debug;
		};
		BA9EBAD71F27E4D8002DFF44 /* Release */ = {
			isa = XCBuildConfiguration;
			baseConfigurationReference = 54778A4063E1C459CC62063F /* Pods-SimpleLoggerTests.release.xcconfig */;
			buildSettings = {
				BUNDLE_LOADER = "$(TEST_HOST)";
				CLANG_WARN_STRICT_PROTOTYPES = NO;
				DEVELOPMENT_TEAM = R536BS52FG;
				GCC_WARN_ALLOW_INCOMPLETE_PROTOCOL = YES;
				INFOPLIST_FILE = SimpleLoggerTests/Info.plist;
				LD_RUNPATH_SEARCH_PATHS = "$(inherited) @executable_path/Frameworks @loader_path/Frameworks";
				PRODUCT_BUNDLE_IDENTIFIER = com.simplymadeapps.ios.SimpleLoggerTests;
				PRODUCT_NAME = "$(TARGET_NAME)";
				TEST_HOST = "$(BUILT_PRODUCTS_DIR)/SimpleLogger.app/SimpleLogger";
			};
			name = Release;
		};
		BAE373021F27D37A00300F7E /* Debug */ = {
			isa = XCBuildConfiguration;
			buildSettings = {
				ALWAYS_SEARCH_USER_PATHS = NO;
				CLANG_ANALYZER_LOCALIZABILITY_NONLOCALIZED = YES;
				CLANG_ANALYZER_NONNULL = YES;
				CLANG_ANALYZER_NUMBER_OBJECT_CONVERSION = YES_AGGRESSIVE;
				CLANG_CXX_LANGUAGE_STANDARD = "gnu++0x";
				CLANG_CXX_LIBRARY = "libc++";
				CLANG_ENABLE_MODULES = YES;
				CLANG_ENABLE_OBJC_ARC = YES;
				CLANG_WARN_BLOCK_CAPTURE_AUTORELEASING = YES;
				CLANG_WARN_BOOL_CONVERSION = YES;
				CLANG_WARN_COMMA = YES;
				CLANG_WARN_CONSTANT_CONVERSION = YES;
				CLANG_WARN_DEPRECATED_OBJC_IMPLEMENTATIONS = YES;
				CLANG_WARN_DIRECT_OBJC_ISA_USAGE = YES_ERROR;
				CLANG_WARN_DOCUMENTATION_COMMENTS = YES;
				CLANG_WARN_EMPTY_BODY = YES;
				CLANG_WARN_ENUM_CONVERSION = YES;
				CLANG_WARN_INFINITE_RECURSION = YES;
				CLANG_WARN_INT_CONVERSION = YES;
				CLANG_WARN_NON_LITERAL_NULL_CONVERSION = YES;
				CLANG_WARN_OBJC_IMPLICIT_RETAIN_SELF = YES;
				CLANG_WARN_OBJC_LITERAL_CONVERSION = YES;
				CLANG_WARN_OBJC_ROOT_CLASS = YES_ERROR;
				CLANG_WARN_RANGE_LOOP_ANALYSIS = YES;
				CLANG_WARN_STRICT_PROTOTYPES = YES;
				CLANG_WARN_SUSPICIOUS_MOVE = YES;
				CLANG_WARN_UNREACHABLE_CODE = YES;
				CLANG_WARN__DUPLICATE_METHOD_MATCH = YES;
				"CODE_SIGN_IDENTITY[sdk=iphoneos*]" = "iPhone Developer";
				COPY_PHASE_STRIP = NO;
				DEBUG_INFORMATION_FORMAT = dwarf;
				ENABLE_STRICT_OBJC_MSGSEND = YES;
				ENABLE_TESTABILITY = YES;
				GCC_C_LANGUAGE_STANDARD = gnu99;
				GCC_DYNAMIC_NO_PIC = NO;
				GCC_NO_COMMON_BLOCKS = YES;
				GCC_OPTIMIZATION_LEVEL = 0;
				GCC_PREPROCESSOR_DEFINITIONS = (
					"DEBUG=1",
					"$(inherited)",
				);
				GCC_WARN_64_TO_32_BIT_CONVERSION = YES;
				GCC_WARN_ABOUT_RETURN_TYPE = YES_ERROR;
				GCC_WARN_UNDECLARED_SELECTOR = YES;
				GCC_WARN_UNINITIALIZED_AUTOS = YES_AGGRESSIVE;
				GCC_WARN_UNUSED_FUNCTION = YES;
				GCC_WARN_UNUSED_VARIABLE = YES;
				IPHONEOS_DEPLOYMENT_TARGET = 10.3;
				MTL_ENABLE_DEBUG_INFO = YES;
				ONLY_ACTIVE_ARCH = YES;
				SDKROOT = iphoneos;
				TARGETED_DEVICE_FAMILY = "1,2";
			};
			name = Debug;
		};
		BAE373031F27D37A00300F7E /* Release */ = {
			isa = XCBuildConfiguration;
			buildSettings = {
				ALWAYS_SEARCH_USER_PATHS = NO;
				CLANG_ANALYZER_LOCALIZABILITY_NONLOCALIZED = YES;
				CLANG_ANALYZER_NONNULL = YES;
				CLANG_ANALYZER_NUMBER_OBJECT_CONVERSION = YES_AGGRESSIVE;
				CLANG_CXX_LANGUAGE_STANDARD = "gnu++0x";
				CLANG_CXX_LIBRARY = "libc++";
				CLANG_ENABLE_MODULES = YES;
				CLANG_ENABLE_OBJC_ARC = YES;
				CLANG_WARN_BLOCK_CAPTURE_AUTORELEASING = YES;
				CLANG_WARN_BOOL_CONVERSION = YES;
				CLANG_WARN_COMMA = YES;
				CLANG_WARN_CONSTANT_CONVERSION = YES;
				CLANG_WARN_DEPRECATED_OBJC_IMPLEMENTATIONS = YES;
				CLANG_WARN_DIRECT_OBJC_ISA_USAGE = YES_ERROR;
				CLANG_WARN_DOCUMENTATION_COMMENTS = YES;
				CLANG_WARN_EMPTY_BODY = YES;
				CLANG_WARN_ENUM_CONVERSION = YES;
				CLANG_WARN_INFINITE_RECURSION = YES;
				CLANG_WARN_INT_CONVERSION = YES;
				CLANG_WARN_NON_LITERAL_NULL_CONVERSION = YES;
				CLANG_WARN_OBJC_IMPLICIT_RETAIN_SELF = YES;
				CLANG_WARN_OBJC_LITERAL_CONVERSION = YES;
				CLANG_WARN_OBJC_ROOT_CLASS = YES_ERROR;
				CLANG_WARN_RANGE_LOOP_ANALYSIS = YES;
				CLANG_WARN_STRICT_PROTOTYPES = YES;
				CLANG_WARN_SUSPICIOUS_MOVE = YES;
				CLANG_WARN_UNREACHABLE_CODE = YES;
				CLANG_WARN__DUPLICATE_METHOD_MATCH = YES;
				"CODE_SIGN_IDENTITY[sdk=iphoneos*]" = "iPhone Developer";
				COPY_PHASE_STRIP = NO;
				DEBUG_INFORMATION_FORMAT = "dwarf-with-dsym";
				ENABLE_NS_ASSERTIONS = NO;
				ENABLE_STRICT_OBJC_MSGSEND = YES;
				GCC_C_LANGUAGE_STANDARD = gnu99;
				GCC_NO_COMMON_BLOCKS = YES;
				GCC_WARN_64_TO_32_BIT_CONVERSION = YES;
				GCC_WARN_ABOUT_RETURN_TYPE = YES_ERROR;
				GCC_WARN_UNDECLARED_SELECTOR = YES;
				GCC_WARN_UNINITIALIZED_AUTOS = YES_AGGRESSIVE;
				GCC_WARN_UNUSED_FUNCTION = YES;
				GCC_WARN_UNUSED_VARIABLE = YES;
				IPHONEOS_DEPLOYMENT_TARGET = 10.3;
				MTL_ENABLE_DEBUG_INFO = NO;
				SDKROOT = iphoneos;
				TARGETED_DEVICE_FAMILY = "1,2";
				VALIDATE_PRODUCT = YES;
			};
			name = Release;
		};
		BAE373051F27D37A00300F7E /* Debug */ = {
			isa = XCBuildConfiguration;
			baseConfigurationReference = F07570F939643B80FC6FD689 /* Pods-SimpleLogger.debug.xcconfig */;
			buildSettings = {
				ASSETCATALOG_COMPILER_APPICON_NAME = AppIcon;
				CLANG_WARN_STRICT_PROTOTYPES = NO;
				DEVELOPMENT_TEAM = R536BS52FG;
				GCC_WARN_ALLOW_INCOMPLETE_PROTOCOL = YES;
				INFOPLIST_FILE = "$(SRCROOT)/Info.plist";
				IPHONEOS_DEPLOYMENT_TARGET = 8.0;
				LD_RUNPATH_SEARCH_PATHS = "$(inherited) @executable_path/Frameworks";
				PRODUCT_BUNDLE_IDENTIFIER = com.simplymadeapps.ios.SimpleLogger;
				PRODUCT_NAME = "$(TARGET_NAME)";
			};
			name = Debug;
		};
		BAE373061F27D37A00300F7E /* Release */ = {
			isa = XCBuildConfiguration;
			baseConfigurationReference = 24C4C3CBDC309AF0C998B846 /* Pods-SimpleLogger.release.xcconfig */;
			buildSettings = {
				ASSETCATALOG_COMPILER_APPICON_NAME = AppIcon;
				CLANG_WARN_STRICT_PROTOTYPES = NO;
				DEVELOPMENT_TEAM = R536BS52FG;
				GCC_WARN_ALLOW_INCOMPLETE_PROTOCOL = YES;
				INFOPLIST_FILE = "$(SRCROOT)/Info.plist";
				IPHONEOS_DEPLOYMENT_TARGET = 8.0;
				LD_RUNPATH_SEARCH_PATHS = "$(inherited) @executable_path/Frameworks";
				PRODUCT_BUNDLE_IDENTIFIER = com.simplymadeapps.ios.SimpleLogger;
				PRODUCT_NAME = "$(TARGET_NAME)";
			};
			name = Release;
		};
/* End XCBuildConfiguration section */

/* Begin XCConfigurationList section */
		BA9EBAD51F27E4D8002DFF44 /* Build configuration list for PBXNativeTarget "SimpleLoggerTests" */ = {
			isa = XCConfigurationList;
			buildConfigurations = (
				BA9EBAD61F27E4D8002DFF44 /* Debug */,
				BA9EBAD71F27E4D8002DFF44 /* Release */,
			);
			defaultConfigurationIsVisible = 0;
			defaultConfigurationName = Release;
		};
		BAE372DD1F27D37A00300F7E /* Build configuration list for PBXProject "SimpleLogger" */ = {
			isa = XCConfigurationList;
			buildConfigurations = (
				BAE373021F27D37A00300F7E /* Debug */,
				BAE373031F27D37A00300F7E /* Release */,
			);
			defaultConfigurationIsVisible = 0;
			defaultConfigurationName = Release;
		};
		BAE373041F27D37A00300F7E /* Build configuration list for PBXNativeTarget "SimpleLogger" */ = {
			isa = XCConfigurationList;
			buildConfigurations = (
				BAE373051F27D37A00300F7E /* Debug */,
				BAE373061F27D37A00300F7E /* Release */,
			);
			defaultConfigurationIsVisible = 0;
			defaultConfigurationName = Release;
		};
/* End XCConfigurationList section */
	};
	rootObject = BAE372DA1F27D37A00300F7E /* Project object */;
}
